# THIS IS AN AUTOGENERATED FILE. DO NOT EDIT THIS FILE DIRECTLY.
# yarn lockfile v1


pspdfkit@^2022.4.1:
  version "2022.4.1"
  resolved "https://registry.yarnpkg.com/pspdfkit/-/pspdfkit-2022.4.1.tgz#7a61d48c91edd49e495ecef21cac059ae354b575"
  integrity sha512-aorCfOKJeBDL2Q9K0Pj86ll/eSxyFcdMiT7FWNQyNjVZ9iP7QNMA7DfU5a+yh6rFk/7fUw8f72SxCkYXxElJBA==
